
Microsoft Visual Studio Solution File, Format Version 12.00
# Visual Studio Version 17
VisualStudioVersion = 17.14.35821.62 d17.14
MinimumVisualStudioVersion = 10.0.40219.1
Project("{FAE04EC0-301F-11D3-BF4B-00C04F79EFBC}") = "services_di_app", "services_di_app\services_di_app.csproj", "{0B5491CD-90A7-4718-875D-001DFD5269C0}"
EndProject
Global
	GlobalSection(SolutionConfigurationPlatforms) = preSolution
		Debug|Any CPU = Debug|Any CPU
		Release|Any CPU = Release|Any CPU
	EndGlobalSection
	GlobalSection(ProjectConfigurationPlatforms) = postSolution
		{0B5491CD-90A7-4718-875D-001DFD5269C0}.Debug|Any CPU.ActiveCfg = Debug|Any CPU
		{0B5491CD-90A7-4718-875D-001DFD5269C0}.Debug|Any CPU.Build.0 = Debug|Any CPU
		{0B5491CD-90A7-4718-875D-001DFD5269C0}.Release|Any CPU.ActiveCfg = Release|Any CPU
		{0B5491CD-90A7-4718-875D-001DFD5269C0}.Release|Any CPU.Build.0 = Release|Any CPU
	EndGlobalSection
	GlobalSection(SolutionProperties) = preSolution
		HideSolutionNode = FALSE
	EndGlobalSection
	GlobalSection(ExtensibilityGlobals) = postSolution
		SolutionGuid = {525CE8A4-30EB-419A-892F-3242F66B4CAF}
	EndGlobalSection
EndGlobal
